
Microsoft Visual Studio Solution File, Format Version 12.00
# Visual Studio Version 16
VisualStudioVersion = 16.0.30804.86
MinimumVisualStudioVersion = 10.0.40219.1
Project("{9A19103F-16F7-4668-BE54-9A1E7A4F7556}") = "ClockSupport", "ClockSupport\ClockSupport.csproj", "{243B82FC-954F-4DFB-87C4-D8B042BDAD43}"
EndProject
Project("{9A19103F-16F7-4668-BE54-9A1E7A4F7556}") = "ClockSupport.Test", "ClockSupport.Test\ClockSupport.Test.csproj", "{0A4A096E-378D-4D80-B823-D55EDED0D101}"
EndProject
Project("{9A19103F-16F7-4668-BE54-9A1E7A4F7556}") = "TickTockTalkie", "TickTockTalkie\TickTockTalkie.csproj", "{30C3A4C9-2E20-4FEB-815A-2EEC6CF800AD}"
EndProject
Project("{2150E333-8FDC-42A3-9474-1A3956D46DE8}") = "Solution Items", "Solution Items", "{31940D75-56C7-434F-8218-76B9DDCB9515}"
	ProjectSection(SolutionItems) = preProject
		.editorconfig = .editorconfig
	EndProjectSection
EndProject
Global
	GlobalSection(SolutionConfigurationPlatforms) = preSolution
		Debug|Any CPU = Debug|Any CPU
		Release|Any CPU = Release|Any CPU
	EndGlobalSection
	GlobalSection(ProjectConfigurationPlatforms) = postSolution
		{243B82FC-954F-4DFB-87C4-D8B042BDAD43}.Debug|Any CPU.ActiveCfg = Debug|Any CPU
		{243B82FC-954F-4DFB-87C4-D8B042BDAD43}.Debug|Any CPU.Build.0 = Debug|Any CPU
		{243B82FC-954F-4DFB-87C4-D8B042BDAD43}.Release|Any CPU.ActiveCfg = Release|Any CPU
		{243B82FC-954F-4DFB-87C4-D8B042BDAD43}.Release|Any CPU.Build.0 = Release|Any CPU
		{0A4A096E-378D-4D80-B823-D55EDED0D101}.Debug|Any CPU.ActiveCfg = Debug|Any CPU
		{0A4A096E-378D-4D80-B823-D55EDED0D101}.Debug|Any CPU.Build.0 = Debug|Any CPU
		{0A4A096E-378D-4D80-B823-D55EDED0D101}.Release|Any CPU.ActiveCfg = Release|Any CPU
		{0A4A096E-378D-4D80-B823-D55EDED0D101}.Release|Any CPU.Build.0 = Release|Any CPU
		{30C3A4C9-2E20-4FEB-815A-2EEC6CF800AD}.Debug|Any CPU.ActiveCfg = Debug|Any CPU
		{30C3A4C9-2E20-4FEB-815A-2EEC6CF800AD}.Debug|Any CPU.Build.0 = Debug|Any CPU
		{30C3A4C9-2E20-4FEB-815A-2EEC6CF800AD}.Release|Any CPU.ActiveCfg = Release|Any CPU
		{30C3A4C9-2E20-4FEB-815A-2EEC6CF800AD}.Release|Any CPU.Build.0 = Release|Any CPU
	EndGlobalSection
	GlobalSection(SolutionProperties) = preSolution
		HideSolutionNode = FALSE
	EndGlobalSection
	GlobalSection(ExtensibilityGlobals) = postSolution
		SolutionGuid = {F4150764-8020-4553-A5D1-5B093242FADE}
	EndGlobalSection
EndGlobal
